
Microsoft Visual Studio Solution File, Format Version 12.00
# Visual Studio Version 17
VisualStudioVersion = 17.3.32929.385
MinimumVisualStudioVersion = 10.0.40219.1
Project("{FAE04EC0-301F-11D3-BF4B-00C04F79EFBC}") = "AfriSms .NET.Console", "AfriSms .NET.Console\AfriSms .NET.Console.csproj", "{B0C7F464-574C-4C7D-A9A1-D5CFEAA353D3}"
EndProject
Project("{FAE04EC0-301F-11D3-BF4B-00C04F79EFBC}") = "AfriSms .NET.API", "AfriSms .NET.API\AfriSms .NET.API.csproj", "{EC7B8003-051C-4EB6-818E-00054B8C03C8}"
EndProject
Project("{FAE04EC0-301F-11D3-BF4B-00C04F79EFBC}") = "AfriSms .NET.Blazor", "AfriSms .NET.Blazor\AfriSms .NET.Blazor.csproj", "{09BE7FA2-9070-4389-9BF1-3D01153B6366}"
EndProject
Global
	GlobalSection(SolutionConfigurationPlatforms) = preSolution
		Debug|Any CPU = Debug|Any CPU
		Release|Any CPU = Release|Any CPU
	EndGlobalSection
	GlobalSection(ProjectConfigurationPlatforms) = postSolution
		{B0C7F464-574C-4C7D-A9A1-D5CFEAA353D3}.Debug|Any CPU.ActiveCfg = Debug|Any CPU
		{B0C7F464-574C-4C7D-A9A1-D5CFEAA353D3}.Debug|Any CPU.Build.0 = Debug|Any CPU
		{B0C7F464-574C-4C7D-A9A1-D5CFEAA353D3}.Release|Any CPU.ActiveCfg = Release|Any CPU
		{B0C7F464-574C-4C7D-A9A1-D5CFEAA353D3}.Release|Any CPU.Build.0 = Release|Any CPU
		{EC7B8003-051C-4EB6-818E-00054B8C03C8}.Debug|Any CPU.ActiveCfg = Debug|Any CPU
		{EC7B8003-051C-4EB6-818E-00054B8C03C8}.Debug|Any CPU.Build.0 = Debug|Any CPU
		{EC7B8003-051C-4EB6-818E-00054B8C03C8}.Release|Any CPU.ActiveCfg = Release|Any CPU
		{EC7B8003-051C-4EB6-818E-00054B8C03C8}.Release|Any CPU.Build.0 = Release|Any CPU
		{09BE7FA2-9070-4389-9BF1-3D01153B6366}.Debug|Any CPU.ActiveCfg = Debug|Any CPU
		{09BE7FA2-9070-4389-9BF1-3D01153B6366}.Debug|Any CPU.Build.0 = Debug|Any CPU
		{09BE7FA2-9070-4389-9BF1-3D01153B6366}.Release|Any CPU.ActiveCfg = Release|Any CPU
		{09BE7FA2-9070-4389-9BF1-3D01153B6366}.Release|Any CPU.Build.0 = Release|Any CPU
	EndGlobalSection
	GlobalSection(SolutionProperties) = preSolution
		HideSolutionNode = FALSE
	EndGlobalSection
	GlobalSection(ExtensibilityGlobals) = postSolution
		SolutionGuid = {B68110FA-CF57-4CEF-819E-7DF7A7FCCA4A}
	EndGlobalSection
EndGlobal
